
Microsoft Visual Studio Solution File, Format Version 12.00
# Visual Studio Version 17
VisualStudioVersion = 17.8.34309.116
MinimumVisualStudioVersion = 10.0.40219.1
Project("{FAE04EC0-301F-11D3-BF4B-00C04F79EFBC}") = "Ejercicio_Telegrama", "Ejercicio_Telegrama.csproj", "{2FD58B84-B950-4BCA-8C1C-F4A3302F631B}"
EndProject
Global
	GlobalSection(SolutionConfigurationPlatforms) = preSolution
		Debug|Any CPU = Debug|Any CPU
		Release|Any CPU = Release|Any CPU
	EndGlobalSection
	GlobalSection(ProjectConfigurationPlatforms) = postSolution
		{2FD58B84-B950-4BCA-8C1C-F4A3302F631B}.Debug|Any CPU.ActiveCfg = Debug|Any CPU
		{2FD58B84-B950-4BCA-8C1C-F4A3302F631B}.Debug|Any CPU.Build.0 = Debug|Any CPU
		{2FD58B84-B950-4BCA-8C1C-F4A3302F631B}.Release|Any CPU.ActiveCfg = Release|Any CPU
		{2FD58B84-B950-4BCA-8C1C-F4A3302F631B}.Release|Any CPU.Build.0 = Release|Any CPU
	EndGlobalSection
	GlobalSection(SolutionProperties) = preSolution
		HideSolutionNode = FALSE
	EndGlobalSection
	GlobalSection(ExtensibilityGlobals) = postSolution
		SolutionGuid = {622822E5-496C-40EC-96E0-0B4E3AD97AB6}
	EndGlobalSection
EndGlobal
